Microsoft Visual Studio Solution File, Format Version 11.00
# Visual Studio 2008

Project("{F046347D-75A6-5B99-FBAA-9DA027DAEC44}") = "StarWar", "Assembly-CSharp.csproj", "{865EE0C5-B9A1-D8ED-B679-B0A2C1248F03}"
EndProject
Global
	GlobalSection(SolutionConfigurationPlatforms) = preSolution
		Debug|Any CPU = Debug|Any CPU
		Release|Any CPU = Release|Any CPU
	EndGlobalSection
	GlobalSection(ProjectConfigurationPlatforms) = postSolution
		{865EE0C5-B9A1-D8ED-B679-B0A2C1248F03}.Debug|Any CPU.ActiveCfg = Debug|Any CPU
		{865EE0C5-B9A1-D8ED-B679-B0A2C1248F03}.Debug|Any CPU.Build.0 = Debug|Any CPU
		{865EE0C5-B9A1-D8ED-B679-B0A2C1248F03}.Release|Any CPU.ActiveCfg = Release|Any CPU
		{865EE0C5-B9A1-D8ED-B679-B0A2C1248F03}.Release|Any CPU.Build.0 = Release|Any CPU
	EndGlobalSection
	GlobalSection(SolutionProperties) = preSolution
		HideSolutionNode = FALSE
	EndGlobalSection
	GlobalSection(MonoDevelopProperties) = preSolution
		StartupItem = Assembly-CSharp.csproj
	EndGlobalSection
EndGlobal
